
Microsoft Visual Studio Solution File, Format Version 12.00
# Visual Studio Version 16
VisualStudioVersion = 16.0.31129.286
MinimumVisualStudioVersion = 10.0.40219.1
Project("{9A19103F-16F7-4668-BE54-9A1E7A4F7556}") = "playback", "playback\playback.csproj", "{DBE3AED6-AA11-4847-B8F2-A4BE219FAD04}"
EndProject
Project("{9A19103F-16F7-4668-BE54-9A1E7A4F7556}") = "Proto", "..\communication\communication_csharp\Proto\Proto.csproj", "{02F3F3D5-2B2A-4278-B9F0-C1A8B08A5FBC}"
EndProject
Project("{9A19103F-16F7-4668-BE54-9A1E7A4F7556}") = "playbackForUnity", "playbackForUnity\playbackForUnity.csproj", "{3583D6E2-57EF-47DE-9A0B-430772212B7D}"
EndProject
Project("{9A19103F-16F7-4668-BE54-9A1E7A4F7556}") = "PlayBackPlayer", "PlayBackPlayer\PlayBackPlayer.csproj", "{FF8CE50A-7754-46AB-A6C2-1092395BEEFA}"
EndProject
Project("{8BC9CEB8-8B4A-11D0-8D11-00A0C91BC942}") = "PlayBackPlayerDll", "PlayBackPlayerDll\PlayBackPlayerDll.vcxproj", "{121B84FC-DC03-40C2-8FF3-FFBE586E1545}"
EndProject
Project("{8BC9CEB8-8B4A-11D0-8D11-00A0C91BC942}") = "PlayBackPlayerResources", "PlayBackPlayerResources\PlayBackPlayerResources.vcxproj", "{6EA75506-D680-485A-A60C-69D942AFB929}"
EndProject
Project("{2150E333-8FDC-42A3-9474-1A3956D46DE8}") = "docs", "docs", "{5707B482-94F5-43AA-A093-9E3D7BEAF0D6}"
	ProjectSection(SolutionItems) = preProject
		docs\docs.md = docs\docs.md
	EndProjectSection
EndProject
Global
	GlobalSection(SolutionConfigurationPlatforms) = preSolution
		Debug|Any CPU = Debug|Any CPU
		Debug|x64 = Debug|x64
		Debug|x86 = Debug|x86
		Release|Any CPU = Release|Any CPU
		Release|x64 = Release|x64
		Release|x86 = Release|x86
	EndGlobalSection
	GlobalSection(ProjectConfigurationPlatforms) = postSolution
		{DBE3AED6-AA11-4847-B8F2-A4BE219FAD04}.Debug|Any CPU.ActiveCfg = Debug|Any CPU
		{DBE3AED6-AA11-4847-B8F2-A4BE219FAD04}.Debug|Any CPU.Build.0 = Debug|Any CPU
		{DBE3AED6-AA11-4847-B8F2-A4BE219FAD04}.Debug|x64.ActiveCfg = Debug|Any CPU
		{DBE3AED6-AA11-4847-B8F2-A4BE219FAD04}.Debug|x64.Build.0 = Debug|Any CPU
		{DBE3AED6-AA11-4847-B8F2-A4BE219FAD04}.Debug|x86.ActiveCfg = Debug|Any CPU
		{DBE3AED6-AA11-4847-B8F2-A4BE219FAD04}.Debug|x86.Build.0 = Debug|Any CPU
		{DBE3AED6-AA11-4847-B8F2-A4BE219FAD04}.Release|Any CPU.ActiveCfg = Release|Any CPU
		{DBE3AED6-AA11-4847-B8F2-A4BE219FAD04}.Release|Any CPU.Build.0 = Release|Any CPU
		{DBE3AED6-AA11-4847-B8F2-A4BE219FAD04}.Release|x64.ActiveCfg = Release|Any CPU
		{DBE3AED6-AA11-4847-B8F2-A4BE219FAD04}.Release|x64.Build.0 = Release|Any CPU
		{DBE3AED6-AA11-4847-B8F2-A4BE219FAD04}.Release|x86.ActiveCfg = Release|Any CPU
		{DBE3AED6-AA11-4847-B8F2-A4BE219FAD04}.Release|x86.Build.0 = Release|Any CPU
		{02F3F3D5-2B2A-4278-B9F0-C1A8B08A5FBC}.Debug|Any CPU.ActiveCfg = Debug|Any CPU
		{02F3F3D5-2B2A-4278-B9F0-C1A8B08A5FBC}.Debug|Any CPU.Build.0 = Debug|Any CPU
		{02F3F3D5-2B2A-4278-B9F0-C1A8B08A5FBC}.Debug|x64.ActiveCfg = Debug|Any CPU
		{02F3F3D5-2B2A-4278-B9F0-C1A8B08A5FBC}.Debug|x64.Build.0 = Debug|Any CPU
		{02F3F3D5-2B2A-4278-B9F0-C1A8B08A5FBC}.Debug|x86.ActiveCfg = Debug|Any CPU
		{02F3F3D5-2B2A-4278-B9F0-C1A8B08A5FBC}.Debug|x86.Build.0 = Debug|Any CPU
		{02F3F3D5-2B2A-4278-B9F0-C1A8B08A5FBC}.Release|Any CPU.ActiveCfg = Release|Any CPU
		{02F3F3D5-2B2A-4278-B9F0-C1A8B08A5FBC}.Release|Any CPU.Build.0 = Release|Any CPU
		{02F3F3D5-2B2A-4278-B9F0-C1A8B08A5FBC}.Release|x64.ActiveCfg = Release|Any CPU
		{02F3F3D5-2B2A-4278-B9F0-C1A8B08A5FBC}.Release|x64.Build.0 = Release|Any CPU
		{02F3F3D5-2B2A-4278-B9F0-C1A8B08A5FBC}.Release|x86.ActiveCfg = Release|Any CPU
		{02F3F3D5-2B2A-4278-B9F0-C1A8B08A5FBC}.Release|x86.Build.0 = Release|Any CPU
		{3583D6E2-57EF-47DE-9A0B-430772212B7D}.Debug|Any CPU.ActiveCfg = Debug|Any CPU
		{3583D6E2-57EF-47DE-9A0B-430772212B7D}.Debug|Any CPU.Build.0 = Debug|Any CPU
		{3583D6E2-57EF-47DE-9A0B-430772212B7D}.Debug|x64.ActiveCfg = Debug|Any CPU
		{3583D6E2-57EF-47DE-9A0B-430772212B7D}.Debug|x64.Build.0 = Debug|Any CPU
		{3583D6E2-57EF-47DE-9A0B-430772212B7D}.Debug|x86.ActiveCfg = Debug|Any CPU
		{3583D6E2-57EF-47DE-9A0B-430772212B7D}.Debug|x86.Build.0 = Debug|Any CPU
		{3583D6E2-57EF-47DE-9A0B-430772212B7D}.Release|Any CPU.ActiveCfg = Release|Any CPU
		{3583D6E2-57EF-47DE-9A0B-430772212B7D}.Release|Any CPU.Build.0 = Release|Any CPU
		{3583D6E2-57EF-47DE-9A0B-430772212B7D}.Release|x64.ActiveCfg = Release|Any CPU
		{3583D6E2-57EF-47DE-9A0B-430772212B7D}.Release|x64.Build.0 = Release|Any CPU
		{3583D6E2-57EF-47DE-9A0B-430772212B7D}.Release|x86.ActiveCfg = Release|Any CPU
		{3583D6E2-57EF-47DE-9A0B-430772212B7D}.Release|x86.Build.0 = Release|Any CPU
		{FF8CE50A-7754-46AB-A6C2-1092395BEEFA}.Debug|Any CPU.ActiveCfg = Debug|Any CPU
		{FF8CE50A-7754-46AB-A6C2-1092395BEEFA}.Debug|Any CPU.Build.0 = Debug|Any CPU
		{FF8CE50A-7754-46AB-A6C2-1092395BEEFA}.Debug|x64.ActiveCfg = Debug|Any CPU
		{FF8CE50A-7754-46AB-A6C2-1092395BEEFA}.Debug|x64.Build.0 = Debug|Any CPU
		{FF8CE50A-7754-46AB-A6C2-1092395BEEFA}.Debug|x86.ActiveCfg = Debug|Any CPU
		{FF8CE50A-7754-46AB-A6C2-1092395BEEFA}.Debug|x86.Build.0 = Debug|Any CPU
		{FF8CE50A-7754-46AB-A6C2-1092395BEEFA}.Release|Any CPU.ActiveCfg = Release|Any CPU
		{FF8CE50A-7754-46AB-A6C2-1092395BEEFA}.Release|Any CPU.Build.0 = Release|Any CPU
		{FF8CE50A-7754-46AB-A6C2-1092395BEEFA}.Release|x64.ActiveCfg = Release|Any CPU
		{FF8CE50A-7754-46AB-A6C2-1092395BEEFA}.Release|x64.Build.0 = Release|Any CPU
		{FF8CE50A-7754-46AB-A6C2-1092395BEEFA}.Release|x86.ActiveCfg = Release|Any CPU
		{FF8CE50A-7754-46AB-A6C2-1092395BEEFA}.Release|x86.Build.0 = Release|Any CPU
		{121B84FC-DC03-40C2-8FF3-FFBE586E1545}.Debug|Any CPU.ActiveCfg = Debug|Win32
		{121B84FC-DC03-40C2-8FF3-FFBE586E1545}.Debug|x64.ActiveCfg = Debug|x64
		{121B84FC-DC03-40C2-8FF3-FFBE586E1545}.Debug|x64.Build.0 = Debug|x64
		{121B84FC-DC03-40C2-8FF3-FFBE586E1545}.Debug|x86.ActiveCfg = Debug|Win32
		{121B84FC-DC03-40C2-8FF3-FFBE586E1545}.Debug|x86.Build.0 = Debug|Win32
		{121B84FC-DC03-40C2-8FF3-FFBE586E1545}.Release|Any CPU.ActiveCfg = Release|Win32
		{121B84FC-DC03-40C2-8FF3-FFBE586E1545}.Release|x64.ActiveCfg = Release|x64
		{121B84FC-DC03-40C2-8FF3-FFBE586E1545}.Release|x64.Build.0 = Release|x64
		{121B84FC-DC03-40C2-8FF3-FFBE586E1545}.Release|x86.ActiveCfg = Release|Win32
		{121B84FC-DC03-40C2-8FF3-FFBE586E1545}.Release|x86.Build.0 = Release|Win32
		{6EA75506-D680-485A-A60C-69D942AFB929}.Debug|Any CPU.ActiveCfg = Debug|Win32
		{6EA75506-D680-485A-A60C-69D942AFB929}.Debug|x64.ActiveCfg = Debug|x64
		{6EA75506-D680-485A-A60C-69D942AFB929}.Debug|x64.Build.0 = Debug|x64
		{6EA75506-D680-485A-A60C-69D942AFB929}.Debug|x86.ActiveCfg = Debug|Win32
		{6EA75506-D680-485A-A60C-69D942AFB929}.Debug|x86.Build.0 = Debug|Win32
		{6EA75506-D680-485A-A60C-69D942AFB929}.Release|Any CPU.ActiveCfg = Release|Win32
		{6EA75506-D680-485A-A60C-69D942AFB929}.Release|x64.ActiveCfg = Release|x64
		{6EA75506-D680-485A-A60C-69D942AFB929}.Release|x64.Build.0 = Release|x64
		{6EA75506-D680-485A-A60C-69D942AFB929}.Release|x86.ActiveCfg = Release|Win32
		{6EA75506-D680-485A-A60C-69D942AFB929}.Release|x86.Build.0 = Release|Win32
	EndGlobalSection
	GlobalSection(SolutionProperties) = preSolution
		HideSolutionNode = FALSE
	EndGlobalSection
	GlobalSection(ExtensibilityGlobals) = postSolution
		SolutionGuid = {01BEF869-76F8-4068-9B89-1C7EC197D41B}
	EndGlobalSection
EndGlobal
