
Microsoft Visual Studio Solution File, Format Version 12.00
# Visual Studio Version 16
VisualStudioVersion = 16.0.31129.286
MinimumVisualStudioVersion = 10.0.40219.1
Project("{FAE04EC0-301F-11D3-BF4B-00C04F79EFBC}") = "playback", "playback\playback.csproj", "{DBE3AED6-AA11-4847-B8F2-A4BE219FAD04}"
EndProject
Project("{9A19103F-16F7-4668-BE54-9A1E7A4F7556}") = "Proto", "..\communication\communication_csharp\Proto\Proto.csproj", "{02F3F3D5-2B2A-4278-B9F0-C1A8B08A5FBC}"
EndProject
Global
	GlobalSection(SolutionConfigurationPlatforms) = preSolution
		Debug|Any CPU = Debug|Any CPU
		Release|Any CPU = Release|Any CPU
	EndGlobalSection
	GlobalSection(ProjectConfigurationPlatforms) = postSolution
		{DBE3AED6-AA11-4847-B8F2-A4BE219FAD04}.Debug|Any CPU.ActiveCfg = Debug|Any CPU
		{DBE3AED6-AA11-4847-B8F2-A4BE219FAD04}.Debug|Any CPU.Build.0 = Debug|Any CPU
		{DBE3AED6-AA11-4847-B8F2-A4BE219FAD04}.Release|Any CPU.ActiveCfg = Release|Any CPU
		{DBE3AED6-AA11-4847-B8F2-A4BE219FAD04}.Release|Any CPU.Build.0 = Release|Any CPU
		{02F3F3D5-2B2A-4278-B9F0-C1A8B08A5FBC}.Debug|Any CPU.ActiveCfg = Debug|Any CPU
		{02F3F3D5-2B2A-4278-B9F0-C1A8B08A5FBC}.Debug|Any CPU.Build.0 = Debug|Any CPU
		{02F3F3D5-2B2A-4278-B9F0-C1A8B08A5FBC}.Release|Any CPU.ActiveCfg = Release|Any CPU
		{02F3F3D5-2B2A-4278-B9F0-C1A8B08A5FBC}.Release|Any CPU.Build.0 = Release|Any CPU
	EndGlobalSection
	GlobalSection(SolutionProperties) = preSolution
		HideSolutionNode = FALSE
	EndGlobalSection
	GlobalSection(ExtensibilityGlobals) = postSolution
		SolutionGuid = {01BEF869-76F8-4068-9B89-1C7EC197D41B}
	EndGlobalSection
EndGlobal
