
Microsoft Visual Studio Solution File, Format Version 12.00
# Visual Studio Version 16
VisualStudioVersion = 16.0.30503.244
MinimumVisualStudioVersion = 10.0.40219.1
Project("{2150E333-8FDC-42A3-9474-1A3956D46DE8}") = "Solution Items", "Solution Items", "{0113AB68-3F36-4E25-8E0B-C99A4E8A4DC4}"
	ProjectSection(SolutionItems) = preProject
		.editorconfig = .editorconfig
	EndProjectSection
EndProject
Project("{9A19103F-16F7-4668-BE54-9A1E7A4F7556}") = "Logic.Server", "Logic.Server\Logic.Server.csproj", "{5A50A261-2EF7-46AB-9B4B-1186F204A872}"
EndProject
Project("{9A19103F-16F7-4668-BE54-9A1E7A4F7556}") = "test", "test\test.csproj", "{8B70F337-C149-41AC-B893-6E45985CD87F}"
EndProject
Project("{9A19103F-16F7-4668-BE54-9A1E7A4F7556}") = "CommServer", "..\communication\communication_csharp\CommServer\CommServer.csproj", "{F331DC2B-D7A1-4350-8228-3185984E0A27}"
EndProject
Project("{9A19103F-16F7-4668-BE54-9A1E7A4F7556}") = "CSharpClient", "..\communication\communication_csharp\CSharpClient\CSharpClient.csproj", "{13103547-E6C6-42A3-B36D-CF68DD5B956D}"
EndProject
Project("{9A19103F-16F7-4668-BE54-9A1E7A4F7556}") = "THUnity2D", "THUnity2D\THUnity2D.csproj", "{08E3C3D1-B0FB-422F-8754-4B4FCAFFC052}"
EndProject
Project("{8BC9CEB8-8B4A-11D0-8D11-00A0C91BC942}") = "LocalUIDll", "LocalUIDll\LocalUIDll.vcxproj", "{78485313-ED6F-4680-A5B0-A00FF5763A6A}"
EndProject
Project("{9A19103F-16F7-4668-BE54-9A1E7A4F7556}") = "LocalUI", "LocalUI\LocalUI.csproj", "{E21030C1-D475-4102-852C-426F9C4F5416}"
EndProject
Project("{9A19103F-16F7-4668-BE54-9A1E7A4F7556}") = "Logic.Client", "Logic.Client\Logic.Client.csproj", "{484F0180-5F2B-421C-AEA4-451A76F181DB}"
EndProject
Project("{9A19103F-16F7-4668-BE54-9A1E7A4F7556}") = "Proto", "..\communication\communication_csharp\Proto\Proto.csproj", "{2DF93236-3CAB-4887-810A-FFCB99A90429}"
EndProject
Global
	GlobalSection(SolutionConfigurationPlatforms) = preSolution
		Debug|Any CPU = Debug|Any CPU
		Debug|x64 = Debug|x64
		Debug|x86 = Debug|x86
		Release|Any CPU = Release|Any CPU
		Release|x64 = Release|x64
		Release|x86 = Release|x86
	EndGlobalSection
	GlobalSection(ProjectConfigurationPlatforms) = postSolution
		{5A50A261-2EF7-46AB-9B4B-1186F204A872}.Debug|Any CPU.ActiveCfg = Debug|Any CPU
		{5A50A261-2EF7-46AB-9B4B-1186F204A872}.Debug|Any CPU.Build.0 = Debug|Any CPU
		{5A50A261-2EF7-46AB-9B4B-1186F204A872}.Debug|x64.ActiveCfg = Debug|Any CPU
		{5A50A261-2EF7-46AB-9B4B-1186F204A872}.Debug|x64.Build.0 = Debug|Any CPU
		{5A50A261-2EF7-46AB-9B4B-1186F204A872}.Debug|x86.ActiveCfg = Debug|Any CPU
		{5A50A261-2EF7-46AB-9B4B-1186F204A872}.Debug|x86.Build.0 = Debug|Any CPU
		{5A50A261-2EF7-46AB-9B4B-1186F204A872}.Release|Any CPU.ActiveCfg = Release|Any CPU
		{5A50A261-2EF7-46AB-9B4B-1186F204A872}.Release|Any CPU.Build.0 = Release|Any CPU
		{5A50A261-2EF7-46AB-9B4B-1186F204A872}.Release|x64.ActiveCfg = Release|Any CPU
		{5A50A261-2EF7-46AB-9B4B-1186F204A872}.Release|x64.Build.0 = Release|Any CPU
		{5A50A261-2EF7-46AB-9B4B-1186F204A872}.Release|x86.ActiveCfg = Release|Any CPU
		{5A50A261-2EF7-46AB-9B4B-1186F204A872}.Release|x86.Build.0 = Release|Any CPU
		{8B70F337-C149-41AC-B893-6E45985CD87F}.Debug|Any CPU.ActiveCfg = Debug|Any CPU
		{8B70F337-C149-41AC-B893-6E45985CD87F}.Debug|Any CPU.Build.0 = Debug|Any CPU
		{8B70F337-C149-41AC-B893-6E45985CD87F}.Debug|x64.ActiveCfg = Debug|Any CPU
		{8B70F337-C149-41AC-B893-6E45985CD87F}.Debug|x64.Build.0 = Debug|Any CPU
		{8B70F337-C149-41AC-B893-6E45985CD87F}.Debug|x86.ActiveCfg = Debug|Any CPU
		{8B70F337-C149-41AC-B893-6E45985CD87F}.Debug|x86.Build.0 = Debug|Any CPU
		{8B70F337-C149-41AC-B893-6E45985CD87F}.Release|Any CPU.ActiveCfg = Release|Any CPU
		{8B70F337-C149-41AC-B893-6E45985CD87F}.Release|Any CPU.Build.0 = Release|Any CPU
		{8B70F337-C149-41AC-B893-6E45985CD87F}.Release|x64.ActiveCfg = Release|Any CPU
		{8B70F337-C149-41AC-B893-6E45985CD87F}.Release|x64.Build.0 = Release|Any CPU
		{8B70F337-C149-41AC-B893-6E45985CD87F}.Release|x86.ActiveCfg = Release|Any CPU
		{8B70F337-C149-41AC-B893-6E45985CD87F}.Release|x86.Build.0 = Release|Any CPU
		{F331DC2B-D7A1-4350-8228-3185984E0A27}.Debug|Any CPU.ActiveCfg = Debug|Any CPU
		{F331DC2B-D7A1-4350-8228-3185984E0A27}.Debug|Any CPU.Build.0 = Debug|Any CPU
		{F331DC2B-D7A1-4350-8228-3185984E0A27}.Debug|x64.ActiveCfg = Debug|Any CPU
		{F331DC2B-D7A1-4350-8228-3185984E0A27}.Debug|x64.Build.0 = Debug|Any CPU
		{F331DC2B-D7A1-4350-8228-3185984E0A27}.Debug|x86.ActiveCfg = Debug|Any CPU
		{F331DC2B-D7A1-4350-8228-3185984E0A27}.Debug|x86.Build.0 = Debug|Any CPU
		{F331DC2B-D7A1-4350-8228-3185984E0A27}.Release|Any CPU.ActiveCfg = Release|Any CPU
		{F331DC2B-D7A1-4350-8228-3185984E0A27}.Release|Any CPU.Build.0 = Release|Any CPU
		{F331DC2B-D7A1-4350-8228-3185984E0A27}.Release|x64.ActiveCfg = Release|Any CPU
		{F331DC2B-D7A1-4350-8228-3185984E0A27}.Release|x64.Build.0 = Release|Any CPU
		{F331DC2B-D7A1-4350-8228-3185984E0A27}.Release|x86.ActiveCfg = Release|Any CPU
		{F331DC2B-D7A1-4350-8228-3185984E0A27}.Release|x86.Build.0 = Release|Any CPU
		{13103547-E6C6-42A3-B36D-CF68DD5B956D}.Debug|Any CPU.ActiveCfg = Debug|Any CPU
		{13103547-E6C6-42A3-B36D-CF68DD5B956D}.Debug|Any CPU.Build.0 = Debug|Any CPU
		{13103547-E6C6-42A3-B36D-CF68DD5B956D}.Debug|x64.ActiveCfg = Debug|Any CPU
		{13103547-E6C6-42A3-B36D-CF68DD5B956D}.Debug|x64.Build.0 = Debug|Any CPU
		{13103547-E6C6-42A3-B36D-CF68DD5B956D}.Debug|x86.ActiveCfg = Debug|Any CPU
		{13103547-E6C6-42A3-B36D-CF68DD5B956D}.Debug|x86.Build.0 = Debug|Any CPU
		{13103547-E6C6-42A3-B36D-CF68DD5B956D}.Release|Any CPU.ActiveCfg = Release|Any CPU
		{13103547-E6C6-42A3-B36D-CF68DD5B956D}.Release|Any CPU.Build.0 = Release|Any CPU
		{13103547-E6C6-42A3-B36D-CF68DD5B956D}.Release|x64.ActiveCfg = Release|Any CPU
		{13103547-E6C6-42A3-B36D-CF68DD5B956D}.Release|x64.Build.0 = Release|Any CPU
		{13103547-E6C6-42A3-B36D-CF68DD5B956D}.Release|x86.ActiveCfg = Release|Any CPU
		{13103547-E6C6-42A3-B36D-CF68DD5B956D}.Release|x86.Build.0 = Release|Any CPU
		{08E3C3D1-B0FB-422F-8754-4B4FCAFFC052}.Debug|Any CPU.ActiveCfg = Debug|Any CPU
		{08E3C3D1-B0FB-422F-8754-4B4FCAFFC052}.Debug|Any CPU.Build.0 = Debug|Any CPU
		{08E3C3D1-B0FB-422F-8754-4B4FCAFFC052}.Debug|x64.ActiveCfg = Debug|Any CPU
		{08E3C3D1-B0FB-422F-8754-4B4FCAFFC052}.Debug|x64.Build.0 = Debug|Any CPU
		{08E3C3D1-B0FB-422F-8754-4B4FCAFFC052}.Debug|x86.ActiveCfg = Debug|Any CPU
		{08E3C3D1-B0FB-422F-8754-4B4FCAFFC052}.Debug|x86.Build.0 = Debug|Any CPU
		{08E3C3D1-B0FB-422F-8754-4B4FCAFFC052}.Release|Any CPU.ActiveCfg = Release|Any CPU
		{08E3C3D1-B0FB-422F-8754-4B4FCAFFC052}.Release|Any CPU.Build.0 = Release|Any CPU
		{08E3C3D1-B0FB-422F-8754-4B4FCAFFC052}.Release|x64.ActiveCfg = Release|Any CPU
		{08E3C3D1-B0FB-422F-8754-4B4FCAFFC052}.Release|x64.Build.0 = Release|Any CPU
		{08E3C3D1-B0FB-422F-8754-4B4FCAFFC052}.Release|x86.ActiveCfg = Release|Any CPU
		{08E3C3D1-B0FB-422F-8754-4B4FCAFFC052}.Release|x86.Build.0 = Release|Any CPU
		{78485313-ED6F-4680-A5B0-A00FF5763A6A}.Debug|Any CPU.ActiveCfg = Debug|Win32
		{78485313-ED6F-4680-A5B0-A00FF5763A6A}.Debug|x64.ActiveCfg = Debug|x64
		{78485313-ED6F-4680-A5B0-A00FF5763A6A}.Debug|x64.Build.0 = Debug|x64
		{78485313-ED6F-4680-A5B0-A00FF5763A6A}.Debug|x86.ActiveCfg = Debug|Win32
		{78485313-ED6F-4680-A5B0-A00FF5763A6A}.Debug|x86.Build.0 = Debug|Win32
		{78485313-ED6F-4680-A5B0-A00FF5763A6A}.Release|Any CPU.ActiveCfg = Release|Win32
		{78485313-ED6F-4680-A5B0-A00FF5763A6A}.Release|x64.ActiveCfg = Release|x64
		{78485313-ED6F-4680-A5B0-A00FF5763A6A}.Release|x64.Build.0 = Release|x64
		{78485313-ED6F-4680-A5B0-A00FF5763A6A}.Release|x86.ActiveCfg = Release|Win32
		{78485313-ED6F-4680-A5B0-A00FF5763A6A}.Release|x86.Build.0 = Release|Win32
		{E21030C1-D475-4102-852C-426F9C4F5416}.Debug|Any CPU.ActiveCfg = Debug|Any CPU
		{E21030C1-D475-4102-852C-426F9C4F5416}.Debug|Any CPU.Build.0 = Debug|Any CPU
		{E21030C1-D475-4102-852C-426F9C4F5416}.Debug|x64.ActiveCfg = Debug|Any CPU
		{E21030C1-D475-4102-852C-426F9C4F5416}.Debug|x64.Build.0 = Debug|Any CPU
		{E21030C1-D475-4102-852C-426F9C4F5416}.Debug|x86.ActiveCfg = Debug|Any CPU
		{E21030C1-D475-4102-852C-426F9C4F5416}.Debug|x86.Build.0 = Debug|Any CPU
		{E21030C1-D475-4102-852C-426F9C4F5416}.Release|Any CPU.ActiveCfg = Release|Any CPU
		{E21030C1-D475-4102-852C-426F9C4F5416}.Release|Any CPU.Build.0 = Release|Any CPU
		{E21030C1-D475-4102-852C-426F9C4F5416}.Release|x64.ActiveCfg = Release|Any CPU
		{E21030C1-D475-4102-852C-426F9C4F5416}.Release|x64.Build.0 = Release|Any CPU
		{E21030C1-D475-4102-852C-426F9C4F5416}.Release|x86.ActiveCfg = Release|Any CPU
		{E21030C1-D475-4102-852C-426F9C4F5416}.Release|x86.Build.0 = Release|Any CPU
		{484F0180-5F2B-421C-AEA4-451A76F181DB}.Debug|Any CPU.ActiveCfg = Debug|Any CPU
		{484F0180-5F2B-421C-AEA4-451A76F181DB}.Debug|Any CPU.Build.0 = Debug|Any CPU
		{484F0180-5F2B-421C-AEA4-451A76F181DB}.Debug|x64.ActiveCfg = Debug|Any CPU
		{484F0180-5F2B-421C-AEA4-451A76F181DB}.Debug|x64.Build.0 = Debug|Any CPU
		{484F0180-5F2B-421C-AEA4-451A76F181DB}.Debug|x86.ActiveCfg = Debug|Any CPU
		{484F0180-5F2B-421C-AEA4-451A76F181DB}.Debug|x86.Build.0 = Debug|Any CPU
		{484F0180-5F2B-421C-AEA4-451A76F181DB}.Release|Any CPU.ActiveCfg = Release|Any CPU
		{484F0180-5F2B-421C-AEA4-451A76F181DB}.Release|Any CPU.Build.0 = Release|Any CPU
		{484F0180-5F2B-421C-AEA4-451A76F181DB}.Release|x64.ActiveCfg = Release|Any CPU
		{484F0180-5F2B-421C-AEA4-451A76F181DB}.Release|x64.Build.0 = Release|Any CPU
		{484F0180-5F2B-421C-AEA4-451A76F181DB}.Release|x86.ActiveCfg = Release|Any CPU
		{484F0180-5F2B-421C-AEA4-451A76F181DB}.Release|x86.Build.0 = Release|Any CPU
		{2DF93236-3CAB-4887-810A-FFCB99A90429}.Debug|Any CPU.ActiveCfg = Debug|Any CPU
		{2DF93236-3CAB-4887-810A-FFCB99A90429}.Debug|Any CPU.Build.0 = Debug|Any CPU
		{2DF93236-3CAB-4887-810A-FFCB99A90429}.Debug|x64.ActiveCfg = Debug|Any CPU
		{2DF93236-3CAB-4887-810A-FFCB99A90429}.Debug|x64.Build.0 = Debug|Any CPU
		{2DF93236-3CAB-4887-810A-FFCB99A90429}.Debug|x86.ActiveCfg = Debug|Any CPU
		{2DF93236-3CAB-4887-810A-FFCB99A90429}.Debug|x86.Build.0 = Debug|Any CPU
		{2DF93236-3CAB-4887-810A-FFCB99A90429}.Release|Any CPU.ActiveCfg = Release|Any CPU
		{2DF93236-3CAB-4887-810A-FFCB99A90429}.Release|Any CPU.Build.0 = Release|Any CPU
		{2DF93236-3CAB-4887-810A-FFCB99A90429}.Release|x64.ActiveCfg = Release|Any CPU
		{2DF93236-3CAB-4887-810A-FFCB99A90429}.Release|x64.Build.0 = Release|Any CPU
		{2DF93236-3CAB-4887-810A-FFCB99A90429}.Release|x86.ActiveCfg = Release|Any CPU
		{2DF93236-3CAB-4887-810A-FFCB99A90429}.Release|x86.Build.0 = Release|Any CPU
	EndGlobalSection
	GlobalSection(SolutionProperties) = preSolution
		HideSolutionNode = FALSE
	EndGlobalSection
	GlobalSection(ExtensibilityGlobals) = postSolution
		SolutionGuid = {EFF81134-BF79-4C1E-977A-BEB38BF2A707}
	EndGlobalSection
EndGlobal
